
Microsoft Visual Studio Solution File, Format Version 12.00
# Visual Studio Version 17
VisualStudioVersion = 17.0.32014.148
MinimumVisualStudioVersion = 10.0.40219.1
Project("{FAE04EC0-301F-11D3-BF4B-00C04F79EFBC}") = "Taschenrechner", "Taschenrechner.csproj", "{A279312A-A491-4414-9E68-73CAE91D76BD}"
EndProject
Global
	GlobalSection(SolutionConfigurationPlatforms) = preSolution
		Debug|Any CPU = Debug|Any CPU
		Release|Any CPU = Release|Any CPU
	EndGlobalSection
	GlobalSection(ProjectConfigurationPlatforms) = postSolution
		{A279312A-A491-4414-9E68-73CAE91D76BD}.Debug|Any CPU.ActiveCfg = Debug|Any CPU
		{A279312A-A491-4414-9E68-73CAE91D76BD}.Debug|Any CPU.Build.0 = Debug|Any CPU
		{A279312A-A491-4414-9E68-73CAE91D76BD}.Release|Any CPU.ActiveCfg = Release|Any CPU
		{A279312A-A491-4414-9E68-73CAE91D76BD}.Release|Any CPU.Build.0 = Release|Any CPU
	EndGlobalSection
	GlobalSection(SolutionProperties) = preSolution
		HideSolutionNode = FALSE
	EndGlobalSection
	GlobalSection(ExtensibilityGlobals) = postSolution
		SolutionGuid = {0F28F70A-E82B-4938-BA08-122F7AE40690}
	EndGlobalSection
EndGlobal
